// !$*UTF8*$!
{
	archiveVersion = 1;
	classes = {
	};
	objectVersion = 46;
	objects = {

/* Begin PBXBuildFile section */
		8E0F95181CDE980A00057C56 /* TimerButtons.swift in Sources */ = {isa = PBXBuildFile; fileRef = 8E0F95171CDE980A00057C56 /* TimerButtons.swift */; };
		8E4002001D1A690100C9DFB7 /* Home-icon.svg.png in Resources */ = {isa = PBXBuildFile; fileRef = 8E4001FF1D1A690100C9DFB7 /* Home-icon.svg.png */; };
		8E40021D1D1E37A100C9DFB7 /* Globals.swift in Sources */ = {isa = PBXBuildFile; fileRef = 8E40021C1D1E37A100C9DFB7 /* Globals.swift */; };
		8E4002281D1F573900C9DFB7 /* TimeSet+CoreDataProperties.swift in Sources */ = {isa = PBXBuildFile; fileRef = 8E4002221D1F573900C9DFB7 /* TimeSet+CoreDataProperties.swift */; };
		8E4002291D1F573900C9DFB7 /* TimeSet.swift in Sources */ = {isa = PBXBuildFile; fileRef = 8E4002231D1F573900C9DFB7 /* TimeSet.swift */; };
		8E40022A1D1F573900C9DFB7 /* TimeData+CoreDataProperties.swift in Sources */ = {isa = PBXBuildFile; fileRef = 8E4002241D1F573900C9DFB7 /* TimeData+CoreDataProperties.swift */; };
		8E40022B1D1F573900C9DFB7 /* TimeData.swift in Sources */ = {isa = PBXBuildFile; fileRef = 8E4002251D1F573900C9DFB7 /* TimeData.swift */; };
		8E40022C1D1F573900C9DFB7 /* TimeSlot+CoreDataProperties.swift in Sources */ = {isa = PBXBuildFile; fileRef = 8E4002261D1F573900C9DFB7 /* TimeSlot+CoreDataProperties.swift */; };
		8E40022D1D1F573900C9DFB7 /* TimeSlot.swift in Sources */ = {isa = PBXBuildFile; fileRef = 8E4002271D1F573900C9DFB7 /* TimeSlot.swift */; };
		8E40022F1D20083D00C9DFB7 /* TimeSlotCoreData.swift in Sources */ = {isa = PBXBuildFile; fileRef = 8E40022E1D20083D00C9DFB7 /* TimeSlotCoreData.swift */; };
		8E7C621E1CBFA5DB0096DA53 /* AppDelegate.swift in Sources */ = {isa = PBXBuildFile; fileRef = 8E7C621D1CBFA5DB0096DA53 /* AppDelegate.swift */; };
		8E7C62201CBFA5DB0096DA53 /* ViewController.swift in Sources */ = {isa = PBXBuildFile; fileRef = 8E7C621F1CBFA5DB0096DA53 /* ViewController.swift */; };
		8E7C62231CBFA5DB0096DA53 /* Main.storyboard in Resources */ = {isa = PBXBuildFile; fileRef = 8E7C62211CBFA5DB0096DA53 /* Main.storyboard */; };
		8E7C62261CBFA5DB0096DA53 /* Study_Log.xcdatamodeld in Sources */ = {isa = PBXBuildFile; fileRef = 8E7C62241CBFA5DB0096DA53 /* Study_Log.xcdatamodeld */; };
		8E7C62281CBFA5DB0096DA53 /* Assets.xcassets in Resources */ = {isa = PBXBuildFile; fileRef = 8E7C62271CBFA5DB0096DA53 /* Assets.xcassets */; };
		8E7C622B1CBFA5DB0096DA53 /* LaunchScreen.storyboard in Resources */ = {isa = PBXBuildFile; fileRef = 8E7C62291CBFA5DB0096DA53 /* LaunchScreen.storyboard */; };
		8E7C62361CBFA5DB0096DA53 /* Study_LogTests.swift in Sources */ = {isa = PBXBuildFile; fileRef = 8E7C62351CBFA5DB0096DA53 /* Study_LogTests.swift */; };
		8E7C62411CBFA5DB0096DA53 /* Study_LogUITests.swift in Sources */ = {isa = PBXBuildFile; fileRef = 8E7C62401CBFA5DB0096DA53 /* Study_LogUITests.swift */; };
		8E81F6691CDCE55F00BA1EF3 /* Format.swift in Sources */ = {isa = PBXBuildFile; fileRef = 8E81F6681CDCE55F00BA1EF3 /* Format.swift */; };
		8E81F66D1CDCF3D600BA1EF3 /* TimerViewModel.swift in Sources */ = {isa = PBXBuildFile; fileRef = 8E81F66C1CDCF3D600BA1EF3 /* TimerViewModel.swift */; };
		8EA9B94F1D2220DE00187047 /* TimeSetCoreData.swift in Sources */ = {isa = PBXBuildFile; fileRef = 8EA9B94E1D2220DE00187047 /* TimeSetCoreData.swift */; };
		8EA9B9541D224C2C00187047 /* TimeDataCoreData.swift in Sources */ = {isa = PBXBuildFile; fileRef = 8EA9B9531D224C2C00187047 /* TimeDataCoreData.swift */; };
		8EDB9BD11D243424008A3198 /* OverviewViewController.swift in Sources */ = {isa = PBXBuildFile; fileRef = 8EDB9BD01D243424008A3198 /* OverviewViewController.swift */; };
		8EEA82DA1CC3933400D2AF91 /* TimerCounter.swift in Sources */ = {isa = PBXBuildFile; fileRef = 8EEA82D91CC3933400D2AF91 /* TimerCounter.swift */; };
		8EFAD6071CC2E9C3008B2243 /* SplashScreenBackground.swift in Sources */ = {isa = PBXBuildFile; fileRef = 8EFAD6061CC2E9C3008B2243 /* SplashScreenBackground.swift */; };
		8EFAD60B1CC2F40A008B2243 /* WeekGraphView.swift in Sources */ = {isa = PBXBuildFile; fileRef = 8EFAD60A1CC2F40A008B2243 /* WeekGraphView.swift */; };
		8EFAD60D1CC2F45C008B2243 /* Colors.swift in Sources */ = {isa = PBXBuildFile; fileRef = 8EFAD60C1CC2F45C008B2243 /* Colors.swift */; };
		8EFAD60F1CC2FB45008B2243 /* TimerViewController.swift in Sources */ = {isa = PBXBuildFile; fileRef = 8EFAD60E1CC2FB45008B2243 /* TimerViewController.swift */; };
/* End PBXBuildFile section */

/* Begin PBXContainerItemProxy section */
		8E7C62321CBFA5DB0096DA53 /* PBXContainerItemProxy */ = {
			isa = PBXContainerItemProxy;
			containerPortal = 8E7C62121CBFA5DB0096DA53 /* Project object */;
			proxyType = 1;
			remoteGlobalIDString = 8E7C62191CBFA5DB0096DA53;
			remoteInfo = "Study Log";
		};
		8E7C623D1CBFA5DB0096DA53 /* PBXContainerItemProxy */ = {
			isa = PBXContainerItemProxy;
			containerPortal = 8E7C62121CBFA5DB0096DA53 /* Project object */;
			proxyType = 1;
			remoteGlobalIDString = 8E7C62191CBFA5DB0096DA53;
			remoteInfo = "Study Log";
		};
/* End PBXContainerItemProxy section */

/* Begin PBXFileReference section */
		8E0F95171CDE980A00057C56 /* TimerButtons.swift */ = {isa = PBXFileReference; fileEncoding = 4; lastKnownFileType = sourcecode.swift; path = TimerButtons.swift; sourceTree = "<group>"; };
		8E4001FF1D1A690100C9DFB7 /* Home-icon.svg.png */ = {isa = PBXFileReference; lastKnownFileType = image.png; path = "Home-icon.svg.png"; sourceTree = SOURCE_ROOT; };
		8E4002011D1AB91C00C9DFB7 /* Study Log-Bridging-Header.h */ = {isa = PBXFileReference; lastKnownFileType = sourcecode.c.h; path = "Study Log-Bridging-Header.h"; sourceTree = "<group>"; };
		8E40021C1D1E37A100C9DFB7 /* Globals.swift */ = {isa = PBXFileReference; fileEncoding = 4; lastKnownFileType = sourcecode.swift; path = Globals.swift; sourceTree = "<group>"; };
		8E4002221D1F573900C9DFB7 /* TimeSet+CoreDataProperties.swift */ = {isa = PBXFileReference; fileEncoding = 4; lastKnownFileType = sourcecode.swift; path = "TimeSet+CoreDataProperties.swift"; sourceTree = "<group>"; };
		8E4002231D1F573900C9DFB7 /* TimeSet.swift */ = {isa = PBXFileReference; fileEncoding = 4; lastKnownFileType = sourcecode.swift; path = TimeSet.swift; sourceTree = "<group>"; };
		8E4002241D1F573900C9DFB7 /* TimeData+CoreDataProperties.swift */ = {isa = PBXFileReference; fileEncoding = 4; lastKnownFileType = sourcecode.swift; path = "TimeData+CoreDataProperties.swift"; sourceTree = "<group>"; };
		8E4002251D1F573900C9DFB7 /* TimeData.swift */ = {isa = PBXFileReference; fileEncoding = 4; lastKnownFileType = sourcecode.swift; path = TimeData.swift; sourceTree = "<group>"; };
		8E4002261D1F573900C9DFB7 /* TimeSlot+CoreDataProperties.swift */ = {isa = PBXFileReference; fileEncoding = 4; lastKnownFileType = sourcecode.swift; path = "TimeSlot+CoreDataProperties.swift"; sourceTree = "<group>"; };
		8E4002271D1F573900C9DFB7 /* TimeSlot.swift */ = {isa = PBXFileReference; fileEncoding = 4; lastKnownFileType = sourcecode.swift; path = TimeSlot.swift; sourceTree = "<group>"; };
		8E40022E1D20083D00C9DFB7 /* TimeSlotCoreData.swift */ = {isa = PBXFileReference; fileEncoding = 4; lastKnownFileType = sourcecode.swift; path = TimeSlotCoreData.swift; sourceTree = "<group>"; };
		8E7C621A1CBFA5DB0096DA53 /* Study Log.app */ = {isa = PBXFileReference; explicitFileType = wrapper.application; includeInIndex = 0; path = "Study Log.app"; sourceTree = BUILT_PRODUCTS_DIR; };
		8E7C621D1CBFA5DB0096DA53 /* AppDelegate.swift */ = {isa = PBXFileReference; lastKnownFileType = sourcecode.swift; path = AppDelegate.swift; sourceTree = "<group>"; };
		8E7C621F1CBFA5DB0096DA53 /* ViewController.swift */ = {isa = PBXFileReference; lastKnownFileType = sourcecode.swift; path = ViewController.swift; sourceTree = "<group>"; };
		8E7C62221CBFA5DB0096DA53 /* Base */ = {isa = PBXFileReference; lastKnownFileType = file.storyboard; name = Base; path = Base.lproj/Main.storyboard; sourceTree = "<group>"; };
		8E7C62251CBFA5DB0096DA53 /* Study_Log.xcdatamodel */ = {isa = PBXFileReference; lastKnownFileType = wrapper.xcdatamodel; path = Study_Log.xcdatamodel; sourceTree = "<group>"; };
		8E7C62271CBFA5DB0096DA53 /* Assets.xcassets */ = {isa = PBXFileReference; lastKnownFileType = folder.assetcatalog; path = Assets.xcassets; sourceTree = "<group>"; };
		8E7C622A1CBFA5DB0096DA53 /* Base */ = {isa = PBXFileReference; lastKnownFileType = file.storyboard; name = Base; path = Base.lproj/LaunchScreen.storyboard; sourceTree = "<group>"; };
		8E7C622C1CBFA5DB0096DA53 /* Info.plist */ = {isa = PBXFileReference; lastKnownFileType = text.plist.xml; path = Info.plist; sourceTree = "<group>"; };
		8E7C62311CBFA5DB0096DA53 /* Study LogTests.xctest */ = {isa = PBXFileReference; explicitFileType = wrapper.cfbundle; includeInIndex = 0; path = "Study LogTests.xctest"; sourceTree = BUILT_PRODUCTS_DIR; };
		8E7C62351CBFA5DB0096DA53 /* Study_LogTests.swift */ = {isa = PBXFileReference; lastKnownFileType = sourcecode.swift; path = Study_LogTests.swift; sourceTree = "<group>"; };
		8E7C62371CBFA5DB0096DA53 /* Info.plist */ = {isa = PBXFileReference; lastKnownFileType = text.plist.xml; path = Info.plist; sourceTree = "<group>"; };
		8E7C623C1CBFA5DB0096DA53 /* Study LogUITests.xctest */ = {isa = PBXFileReference; explicitFileType = wrapper.cfbundle; includeInIndex = 0; path = "Study LogUITests.xctest"; sourceTree = BUILT_PRODUCTS_DIR; };
		8E7C62401CBFA5DB0096DA53 /* Study_LogUITests.swift */ = {isa = PBXFileReference; lastKnownFileType = sourcecode.swift; path = Study_LogUITests.swift; sourceTree = "<group>"; };
		8E7C62421CBFA5DB0096DA53 /* Info.plist */ = {isa = PBXFileReference; lastKnownFileType = text.plist.xml; path = Info.plist; sourceTree = "<group>"; };
		8E81F6681CDCE55F00BA1EF3 /* Format.swift */ = {isa = PBXFileReference; fileEncoding = 4; lastKnownFileType = sourcecode.swift; path = Format.swift; sourceTree = "<group>"; };
		8E81F66C1CDCF3D600BA1EF3 /* TimerViewModel.swift */ = {isa = PBXFileReference; fileEncoding = 4; lastKnownFileType = sourcecode.swift; path = TimerViewModel.swift; sourceTree = "<group>"; };
		8EA9B94E1D2220DE00187047 /* TimeSetCoreData.swift */ = {isa = PBXFileReference; fileEncoding = 4; lastKnownFileType = sourcecode.swift; path = TimeSetCoreData.swift; sourceTree = "<group>"; };
		8EA9B9531D224C2C00187047 /* TimeDataCoreData.swift */ = {isa = PBXFileReference; fileEncoding = 4; lastKnownFileType = sourcecode.swift; path = TimeDataCoreData.swift; sourceTree = "<group>"; };
		8EDB9BD01D243424008A3198 /* OverviewViewController.swift */ = {isa = PBXFileReference; fileEncoding = 4; lastKnownFileType = sourcecode.swift; path = OverviewViewController.swift; sourceTree = "<group>"; };
		8EEA82D91CC3933400D2AF91 /* TimerCounter.swift */ = {isa = PBXFileReference; fileEncoding = 4; lastKnownFileType = sourcecode.swift; path = TimerCounter.swift; sourceTree = "<group>"; };
		8EFAD6061CC2E9C3008B2243 /* SplashScreenBackground.swift */ = {isa = PBXFileReference; fileEncoding = 4; lastKnownFileType = sourcecode.swift; path = SplashScreenBackground.swift; sourceTree = "<group>"; };
		8EFAD60A1CC2F40A008B2243 /* WeekGraphView.swift */ = {isa = PBXFileReference; fileEncoding = 4; lastKnownFileType = sourcecode.swift; path = WeekGraphView.swift; sourceTree = "<group>"; };
		8EFAD60C1CC2F45C008B2243 /* Colors.swift */ = {isa = PBXFileReference; fileEncoding = 4; lastKnownFileType = sourcecode.swift; path = Colors.swift; sourceTree = "<group>"; };
		8EFAD60E1CC2FB45008B2243 /* TimerViewController.swift */ = {isa = PBXFileReference; fileEncoding = 4; lastKnownFileType = sourcecode.swift; name = TimerViewController.swift; path = ../TimerViewController.swift; sourceTree = "<group>"; };
/* End PBXFileReference section */

/* Begin PBXFrameworksBuildPhase section */
		8E7C62171CBFA5DB0096DA53 /* Frameworks */ = {
			isa = PBXFrameworksBuildPhase;
			buildActionMask = 2147483647;
			files = (
			);
			runOnlyForDeploymentPostprocessing = 0;
		};
		8E7C622E1CBFA5DB0096DA53 /* Frameworks */ = {
			isa = PBXFrameworksBuildPhase;
			buildActionMask = 2147483647;
			files = (
			);
			runOnlyForDeploymentPostprocessing = 0;
		};
		8E7C62391CBFA5DB0096DA53 /* Frameworks */ = {
			isa = PBXFrameworksBuildPhase;
			buildActionMask = 2147483647;
			files = (
			);
			runOnlyForDeploymentPostprocessing = 0;
		};
/* End PBXFrameworksBuildPhase section */

/* Begin PBXGroup section */
		8E4002301D20094800C9DFB7 /* CoreData */ = {
			isa = PBXGroup;
			children = (
				8E40022E1D20083D00C9DFB7 /* TimeSlotCoreData.swift */,
				8EA9B94E1D2220DE00187047 /* TimeSetCoreData.swift */,
				8EA9B9531D224C2C00187047 /* TimeDataCoreData.swift */,
			);
			name = CoreData;
			sourceTree = "<group>";
		};
		8E4002311D200BB200C9DFB7 /* NSManagedObjects */ = {
			isa = PBXGroup;
			children = (
				8E4002221D1F573900C9DFB7 /* TimeSet+CoreDataProperties.swift */,
				8E4002231D1F573900C9DFB7 /* TimeSet.swift */,
				8E4002241D1F573900C9DFB7 /* TimeData+CoreDataProperties.swift */,
				8E4002251D1F573900C9DFB7 /* TimeData.swift */,
				8E4002261D1F573900C9DFB7 /* TimeSlot+CoreDataProperties.swift */,
				8E4002271D1F573900C9DFB7 /* TimeSlot.swift */,
			);
			name = NSManagedObjects;
			sourceTree = "<group>";
		};
		8E7C62111CBFA5DB0096DA53 = {
			isa = PBXGroup;
			children = (
				8E4002311D200BB200C9DFB7 /* NSManagedObjects */,
				8E7C621C1CBFA5DB0096DA53 /* Study Log */,
				8E7C62341CBFA5DB0096DA53 /* Study LogTests */,
				8E7C623F1CBFA5DB0096DA53 /* Study LogUITests */,
				8E7C621B1CBFA5DB0096DA53 /* Products */,
				8E4002011D1AB91C00C9DFB7 /* Study Log-Bridging-Header.h */,
			);
			sourceTree = "<group>";
		};
		8E7C621B1CBFA5DB0096DA53 /* Products */ = {
			isa = PBXGroup;
			children = (
				8E7C621A1CBFA5DB0096DA53 /* Study Log.app */,
				8E7C62311CBFA5DB0096DA53 /* Study LogTests.xctest */,
				8E7C623C1CBFA5DB0096DA53 /* Study LogUITests.xctest */,
			);
			name = Products;
			sourceTree = "<group>";
		};
		8E7C621C1CBFA5DB0096DA53 /* Study Log */ = {
			isa = PBXGroup;
			children = (
				8E81F6671CDCE1C000BA1EF3 /* Model */,
				8EEA82DB1CC396E400D2AF91 /* Controller */,
				8EFAD6101CC2FBCA008B2243 /* View */,
				8E7C621D1CBFA5DB0096DA53 /* AppDelegate.swift */,
				8E7C62211CBFA5DB0096DA53 /* Main.storyboard */,
				8E4001FF1D1A690100C9DFB7 /* Home-icon.svg.png */,
				8E7C62271CBFA5DB0096DA53 /* Assets.xcassets */,
				8E7C62291CBFA5DB0096DA53 /* LaunchScreen.storyboard */,
				8E7C622C1CBFA5DB0096DA53 /* Info.plist */,
				8E7C62241CBFA5DB0096DA53 /* Study_Log.xcdatamodeld */,
			);
			path = "Study Log";
			sourceTree = "<group>";
		};
		8E7C62341CBFA5DB0096DA53 /* Study LogTests */ = {
			isa = PBXGroup;
			children = (
				8E7C62351CBFA5DB0096DA53 /* Study_LogTests.swift */,
				8E7C62371CBFA5DB0096DA53 /* Info.plist */,
			);
			path = "Study LogTests";
			sourceTree = "<group>";
		};
		8E7C623F1CBFA5DB0096DA53 /* Study LogUITests */ = {
			isa = PBXGroup;
			children = (
				8E7C62401CBFA5DB0096DA53 /* Study_LogUITests.swift */,
				8E7C62421CBFA5DB0096DA53 /* Info.plist */,
			);
			path = "Study LogUITests";
			sourceTree = "<group>";
		};
		8E81F6671CDCE1C000BA1EF3 /* Model */ = {
			isa = PBXGroup;
			children = (
				8E4002301D20094800C9DFB7 /* CoreData */,
				8E81F6681CDCE55F00BA1EF3 /* Format.swift */,
				8E81F66C1CDCF3D600BA1EF3 /* TimerViewModel.swift */,
				8E40021C1D1E37A100C9DFB7 /* Globals.swift */,
			);
			name = Model;
			sourceTree = "<group>";
		};
		8EA9B9521D224B7800187047 /* ViewControllers */ = {
			isa = PBXGroup;
			children = (
				8E7C621F1CBFA5DB0096DA53 /* ViewController.swift */,
				8EFAD60E1CC2FB45008B2243 /* TimerViewController.swift */,
				8EDB9BD01D243424008A3198 /* OverviewViewController.swift */,
			);
			name = ViewControllers;
			sourceTree = "<group>";
		};
		8EEA82DB1CC396E400D2AF91 /* Controller */ = {
			isa = PBXGroup;
			children = (
				8EA9B9521D224B7800187047 /* ViewControllers */,
			);
			name = Controller;
			sourceTree = "<group>";
		};
		8EFAD6101CC2FBCA008B2243 /* View */ = {
			isa = PBXGroup;
			children = (
				8EFAD6111CC2FBE6008B2243 /* Graphics */,
			);
			name = View;
			sourceTree = "<group>";
		};
		8EFAD6111CC2FBE6008B2243 /* Graphics */ = {
			isa = PBXGroup;
			children = (
				8EFAD60C1CC2F45C008B2243 /* Colors.swift */,
				8EFAD6061CC2E9C3008B2243 /* SplashScreenBackground.swift */,
				8EFAD60A1CC2F40A008B2243 /* WeekGraphView.swift */,
				8EEA82D91CC3933400D2AF91 /* TimerCounter.swift */,
				8E0F95171CDE980A00057C56 /* TimerButtons.swift */,
			);
			name = Graphics;
			sourceTree = "<group>";
		};
/* End PBXGroup section */

/* Begin PBXNativeTarget section */
		8E7C62191CBFA5DB0096DA53 /* Study Log */ = {
			isa = PBXNativeTarget;
			buildConfigurationList = 8E7C62451CBFA5DB0096DA53 /* Build configuration list for PBXNativeTarget "Study Log" */;
			buildPhases = (
				8E7C62161CBFA5DB0096DA53 /* Sources */,
				8E7C62171CBFA5DB0096DA53 /* Frameworks */,
				8E7C62181CBFA5DB0096DA53 /* Resources */,
			);
			buildRules = (
			);
			dependencies = (
			);
			name = "Study Log";
			productName = "Study Log";
			productReference = 8E7C621A1CBFA5DB0096DA53 /* Study Log.app */;
			productType = "com.apple.product-type.application";
		};
		8E7C62301CBFA5DB0096DA53 /* Study LogTests */ = {
			isa = PBXNativeTarget;
			buildConfigurationList = 8E7C62481CBFA5DB0096DA53 /* Build configuration list for PBXNativeTarget "Study LogTests" */;
			buildPhases = (
				8E7C622D1CBFA5DB0096DA53 /* Sources */,
				8E7C622E1CBFA5DB0096DA53 /* Frameworks */,
				8E7C622F1CBFA5DB0096DA53 /* Resources */,
			);
			buildRules = (
			);
			dependencies = (
				8E7C62331CBFA5DB0096DA53 /* PBXTargetDependency */,
			);
			name = "Study LogTests";
			productName = "Study LogTests";
			productReference = 8E7C62311CBFA5DB0096DA53 /* Study LogTests.xctest */;
			productType = "com.apple.product-type.bundle.unit-test";
		};
		8E7C623B1CBFA5DB0096DA53 /* Study LogUITests */ = {
			isa = PBXNativeTarget;
			buildConfigurationList = 8E7C624B1CBFA5DB0096DA53 /* Build configuration list for PBXNativeTarget "Study LogUITests" */;
			buildPhases = (
				8E7C62381CBFA5DB0096DA53 /* Sources */,
				8E7C62391CBFA5DB0096DA53 /* Frameworks */,
				8E7C623A1CBFA5DB0096DA53 /* Resources */,
			);
			buildRules = (
			);
			dependencies = (
				8E7C623E1CBFA5DB0096DA53 /* PBXTargetDependency */,
			);
			name = "Study LogUITests";
			productName = "Study LogUITests";
			productReference = 8E7C623C1CBFA5DB0096DA53 /* Study LogUITests.xctest */;
			productType = "com.apple.product-type.bundle.ui-testing";
		};
/* End PBXNativeTarget section */

/* Begin PBXProject section */
		8E7C62121CBFA5DB0096DA53 /* Project object */ = {
			isa = PBXProject;
			attributes = {
				LastSwiftUpdateCheck = 0730;
				LastUpgradeCheck = 0730;
				ORGANIZATIONNAME = NedCorp;
				TargetAttributes = {
					8E7C62191CBFA5DB0096DA53 = {
						CreatedOnToolsVersion = 7.3;
					};
					8E7C62301CBFA5DB0096DA53 = {
						CreatedOnToolsVersion = 7.3;
						TestTargetID = 8E7C62191CBFA5DB0096DA53;
					};
					8E7C623B1CBFA5DB0096DA53 = {
						CreatedOnToolsVersion = 7.3;
						TestTargetID = 8E7C62191CBFA5DB0096DA53;
					};
				};
			};
			buildConfigurationList = 8E7C62151CBFA5DB0096DA53 /* Build configuration list for PBXProject "Study Log" */;
			compatibilityVersion = "Xcode 3.2";
			developmentRegion = English;
			hasScannedForEncodings = 0;
			knownRegions = (
				en,
				Base,
			);
			mainGroup = 8E7C62111CBFA5DB0096DA53;
			productRefGroup = 8E7C621B1CBFA5DB0096DA53 /* Products */;
			projectDirPath = "";
			projectRoot = "";
			targets = (
				8E7C62191CBFA5DB0096DA53 /* Study Log */,
				8E7C62301CBFA5DB0096DA53 /* Study LogTests */,
				8E7C623B1CBFA5DB0096DA53 /* Study LogUITests */,
			);
		};
/* End PBXProject section */

/* Begin PBXResourcesBuildPhase section */
		8E7C62181CBFA5DB0096DA53 /* Resources */ = {
			isa = PBXResourcesBuildPhase;
			buildActionMask = 2147483647;
			files = (
				8E7C622B1CBFA5DB0096DA53 /* LaunchScreen.storyboard in Resources */,
				8E4002001D1A690100C9DFB7 /* Home-icon.svg.png in Resources */,
				8E7C62281CBFA5DB0096DA53 /* Assets.xcassets in Resources */,
				8E7C62231CBFA5DB0096DA53 /* Main.storyboard in Resources */,
			);
			runOnlyForDeploymentPostprocessing = 0;
		};
		8E7C622F1CBFA5DB0096DA53 /* Resources */ = {
			isa = PBXResourcesBuildPhase;
			buildActionMask = 2147483647;
			files = (
			);
			runOnlyForDeploymentPostprocessing = 0;
		};
		8E7C623A1CBFA5DB0096DA53 /* Resources */ = {
			isa = PBXResourcesBuildPhase;
			buildActionMask = 2147483647;
			files = (
			);
			runOnlyForDeploymentPostprocessing = 0;
		};
/* End PBXResourcesBuildPhase section */

/* Begin PBXSourcesBuildPhase section */
		8E7C62161CBFA5DB0096DA53 /* Sources */ = {
			isa = PBXSourcesBuildPhase;
			buildActionMask = 2147483647;
			files = (
				8E81F66D1CDCF3D600BA1EF3 /* TimerViewModel.swift in Sources */,
				8EDB9BD11D243424008A3198 /* OverviewViewController.swift in Sources */,
				8E7C62201CBFA5DB0096DA53 /* ViewController.swift in Sources */,
				8EA9B94F1D2220DE00187047 /* TimeSetCoreData.swift in Sources */,
				8E40022B1D1F573900C9DFB7 /* TimeData.swift in Sources */,
				8E40022F1D20083D00C9DFB7 /* TimeSlotCoreData.swift in Sources */,
				8E81F6691CDCE55F00BA1EF3 /* Format.swift in Sources */,
				8E7C621E1CBFA5DB0096DA53 /* AppDelegate.swift in Sources */,
				8EFAD60F1CC2FB45008B2243 /* TimerViewController.swift in Sources */,
				8E40022A1D1F573900C9DFB7 /* TimeData+CoreDataProperties.swift in Sources */,
				8E40022C1D1F573900C9DFB7 /* TimeSlot+CoreDataProperties.swift in Sources */,
				8EFAD60D1CC2F45C008B2243 /* Colors.swift in Sources */,
				8EFAD6071CC2E9C3008B2243 /* SplashScreenBackground.swift in Sources */,
				8E40022D1D1F573900C9DFB7 /* TimeSlot.swift in Sources */,
				8E7C62261CBFA5DB0096DA53 /* Study_Log.xcdatamodeld in Sources */,
				8EA9B9541D224C2C00187047 /* TimeDataCoreData.swift in Sources */,
				8EEA82DA1CC3933400D2AF91 /* TimerCounter.swift in Sources */,
				8E4002291D1F573900C9DFB7 /* TimeSet.swift in Sources */,
				8E40021D1D1E37A100C9DFB7 /* Globals.swift in Sources */,
				8E0F95181CDE980A00057C56 /* TimerButtons.swift in Sources */,
				8EFAD60B1CC2F40A008B2243 /* WeekGraphView.swift in Sources */,
				8E4002281D1F573900C9DFB7 /* TimeSet+CoreDataProperties.swift in Sources */,
			);
			runOnlyForDeploymentPostprocessing = 0;
		};
		8E7C622D1CBFA5DB0096DA53 /* Sources */ = {
			isa = PBXSourcesBuildPhase;
			buildActionMask = 2147483647;
			files = (
				8E7C62361CBFA5DB0096DA53 /* Study_LogTests.swift in Sources */,
			);
			runOnlyForDeploymentPostprocessing = 0;
		};
		8E7C62381CBFA5DB0096DA53 /* Sources */ = {
			isa = PBXSourcesBuildPhase;
			buildActionMask = 2147483647;
			files = (
				8E7C62411CBFA5DB0096DA53 /* Study_LogUITests.swift in Sources */,
			);
			runOnlyForDeploymentPostprocessing = 0;
		};
/* End PBXSourcesBuildPhase section */

/* Begin PBXTargetDependency section */
		8E7C62331CBFA5DB0096DA53 /* PBXTargetDependency */ = {
			isa = PBXTargetDependency;
			target = 8E7C62191CBFA5DB0096DA53 /* Study Log */;
			targetProxy = 8E7C62321CBFA5DB0096DA53 /* PBXContainerItemProxy */;
		};
		8E7C623E1CBFA5DB0096DA53 /* PBXTargetDependency */ = {
			isa = PBXTargetDependency;
			target = 8E7C62191CBFA5DB0096DA53 /* Study Log */;
			targetProxy = 8E7C623D1CBFA5DB0096DA53 /* PBXContainerItemProxy */;
		};
/* End PBXTargetDependency section */

/* Begin PBXVariantGroup section */
		8E7C62211CBFA5DB0096DA53 /* Main.storyboard */ = {
			isa = PBXVariantGroup;
			children = (
				8E7C62221CBFA5DB0096DA53 /* Base */,
			);
			name = Main.storyboard;
			sourceTree = "<group>";
		};
		8E7C62291CBFA5DB0096DA53 /* LaunchScreen.storyboard */ = {
			isa = PBXVariantGroup;
			children = (
				8E7C622A1CBFA5DB0096DA53 /* Base */,
			);
			name = LaunchScreen.storyboard;
			sourceTree = "<group>";
		};
/* End PBXVariantGroup section */

/* Begin XCBuildConfiguration section */
		8E7C62431CBFA5DB0096DA53 /* Debug */ = {
			isa = XCBuildConfiguration;
			buildSettings = {
				ALWAYS_SEARCH_USER_PATHS = NO;
				CLANG_ANALYZER_NONNULL = YES;
				CLANG_CXX_LANGUAGE_STANDARD = "gnu++0x";
				CLANG_CXX_LIBRARY = "libc++";
				CLANG_ENABLE_MODULES = YES;
				CLANG_ENABLE_OBJC_ARC = YES;
				CLANG_WARN_BOOL_CONVERSION = YES;
				CLANG_WARN_CONSTANT_CONVERSION = YES;
				CLANG_WARN_DIRECT_OBJC_ISA_USAGE = YES_ERROR;
				CLANG_WARN_EMPTY_BODY = YES;
				CLANG_WARN_ENUM_CONVERSION = YES;
				CLANG_WARN_INT_CONVERSION = YES;
				CLANG_WARN_OBJC_ROOT_CLASS = YES_ERROR;
				CLANG_WARN_UNREACHABLE_CODE = YES;
				CLANG_WARN__DUPLICATE_METHOD_MATCH = YES;
				"CODE_SIGN_IDENTITY[sdk=iphoneos*]" = "iPhone Developer";
				COPY_PHASE_STRIP = NO;
				DEBUG_INFORMATION_FORMAT = dwarf;
				ENABLE_STRICT_OBJC_MSGSEND = YES;
				ENABLE_TESTABILITY = YES;
				GCC_C_LANGUAGE_STANDARD = gnu99;
				GCC_DYNAMIC_NO_PIC = NO;
				GCC_NO_COMMON_BLOCKS = YES;
				GCC_OPTIMIZATION_LEVEL = 0;
				GCC_PREPROCESSOR_DEFINITIONS = (
					"DEBUG=1",
					"$(inherited)",
				);
				GCC_WARN_64_TO_32_BIT_CONVERSION = YES;
				GCC_WARN_ABOUT_RETURN_TYPE = YES_ERROR;
				GCC_WARN_UNDECLARED_SELECTOR = YES;
				GCC_WARN_UNINITIALIZED_AUTOS = YES_AGGRESSIVE;
				GCC_WARN_UNUSED_FUNCTION = YES;
				GCC_WARN_UNUSED_VARIABLE = YES;
				IPHONEOS_DEPLOYMENT_TARGET = 9.3;
				MTL_ENABLE_DEBUG_INFO = YES;
				ONLY_ACTIVE_ARCH = YES;
				SDKROOT = iphoneos;
				SWIFT_OPTIMIZATION_LEVEL = "-Onone";
				TARGETED_DEVICE_FAMILY = "1,2";
			};
			name = Debug;
		};
		8E7C62441CBFA5DB0096DA53 /* Release */ = {
			isa = XCBuildConfiguration;
			buildSettings = {
				ALWAYS_SEARCH_USER_PATHS = NO;
				CLANG_ANALYZER_NONNULL = YES;
				CLANG_CXX_LANGUAGE_STANDARD = "gnu++0x";
				CLANG_CXX_LIBRARY = "libc++";
				CLANG_ENABLE_MODULES = YES;
				CLANG_ENABLE_OBJC_ARC = YES;
				CLANG_WARN_BOOL_CONVERSION = YES;
				CLANG_WARN_CONSTANT_CONVERSION = YES;
				CLANG_WARN_DIRECT_OBJC_ISA_USAGE = YES_ERROR;
				CLANG_WARN_EMPTY_BODY = YES;
				CLANG_WARN_ENUM_CONVERSION = YES;
				CLANG_WARN_INT_CONVERSION = YES;
				CLANG_WARN_OBJC_ROOT_CLASS = YES_ERROR;
				CLANG_WARN_UNREACHABLE_CODE = YES;
				CLANG_WARN__DUPLICATE_METHOD_MATCH = YES;
				"CODE_SIGN_IDENTITY[sdk=iphoneos*]" = "iPhone Developer";
				COPY_PHASE_STRIP = NO;
				DEBUG_INFORMATION_FORMAT = "dwarf-with-dsym";
				ENABLE_NS_ASSERTIONS = NO;
				ENABLE_STRICT_OBJC_MSGSEND = YES;
				GCC_C_LANGUAGE_STANDARD = gnu99;
				GCC_NO_COMMON_BLOCKS = YES;
				GCC_WARN_64_TO_32_BIT_CONVERSION = YES;
				GCC_WARN_ABOUT_RETURN_TYPE = YES_ERROR;
				GCC_WARN_UNDECLARED_SELECTOR = YES;
				GCC_WARN_UNINITIALIZED_AUTOS = YES_AGGRESSIVE;
				GCC_WARN_UNUSED_FUNCTION = YES;
				GCC_WARN_UNUSED_VARIABLE = YES;
				IPHONEOS_DEPLOYMENT_TARGET = 9.3;
				MTL_ENABLE_DEBUG_INFO = NO;
				SDKROOT = iphoneos;
				TARGETED_DEVICE_FAMILY = "1,2";
				VALIDATE_PRODUCT = YES;
			};
			name = Release;
		};
		8E7C62461CBFA5DB0096DA53 /* Debug */ = {
			isa = XCBuildConfiguration;
			buildSettings = {
				ASSETCATALOG_COMPILER_APPICON_NAME = AppIcon;
				CLANG_ENABLE_MODULES = YES;
				INFOPLIST_FILE = "Study Log/Info.plist";
				LD_RUNPATH_SEARCH_PATHS = "$(inherited) @executable_path/Frameworks";
				PRODUCT_BUNDLE_IDENTIFIER = "Ned.NedCorp.Study-Log";
				PRODUCT_NAME = "$(TARGET_NAME)";
				SWIFT_OBJC_BRIDGING_HEADER = "Study Log-Bridging-Header.h";
				SWIFT_OPTIMIZATION_LEVEL = "-Onone";
			};
			name = Debug;
		};
		8E7C62471CBFA5DB0096DA53 /* Release */ = {
			isa = XCBuildConfiguration;
			buildSettings = {
				ASSETCATALOG_COMPILER_APPICON_NAME = AppIcon;
				CLANG_ENABLE_MODULES = YES;
				INFOPLIST_FILE = "Study Log/Info.plist";
				LD_RUNPATH_SEARCH_PATHS = "$(inherited) @executable_path/Frameworks";
				PRODUCT_BUNDLE_IDENTIFIER = "Ned.NedCorp.Study-Log";
				PRODUCT_NAME = "$(TARGET_NAME)";
				SWIFT_OBJC_BRIDGING_HEADER = "Study Log-Bridging-Header.h";
			};
			name = Release;
		};
		8E7C62491CBFA5DB0096DA53 /* Debug */ = {
			isa = XCBuildConfiguration;
			buildSettings = {
				BUNDLE_LOADER = "$(TEST_HOST)";
				INFOPLIST_FILE = "Study LogTests/Info.plist";
				LD_RUNPATH_SEARCH_PATHS = "$(inherited) @executable_path/Frameworks @loader_path/Frameworks";
				PRODUCT_BUNDLE_IDENTIFIER = "Ned.NedCorp.Study-LogTests";
				PRODUCT_NAME = "$(TARGET_NAME)";
				TEST_HOST = "$(BUILT_PRODUCTS_DIR)/Study Log.app/Study Log";
			};
			name = Debug;
		};
		8E7C624A1CBFA5DB0096DA53 /* Release */ = {
			isa = XCBuildConfiguration;
			buildSettings = {
				BUNDLE_LOADER = "$(TEST_HOST)";
				INFOPLIST_FILE = "Study LogTests/Info.plist";
				LD_RUNPATH_SEARCH_PATHS = "$(inherited) @executable_path/Frameworks @loader_path/Frameworks";
				PRODUCT_BUNDLE_IDENTIFIER = "Ned.NedCorp.Study-LogTests";
				PRODUCT_NAME = "$(TARGET_NAME)";
				TEST_HOST = "$(BUILT_PRODUCTS_DIR)/Study Log.app/Study Log";
			};
			name = Release;
		};
		8E7C624C1CBFA5DB0096DA53 /* Debug */ = {
			isa = XCBuildConfiguration;
			buildSettings = {
				INFOPLIST_FILE = "Study LogUITests/Info.plist";
				LD_RUNPATH_SEARCH_PATHS = "$(inherited) @executable_path/Frameworks @loader_path/Frameworks";
				PRODUCT_BUNDLE_IDENTIFIER = "Ned.NedCorp.Study-LogUITests";
				PRODUCT_NAME = "$(TARGET_NAME)";
				TEST_TARGET_NAME = "Study Log";
			};
			name = Debug;
		};
		8E7C624D1CBFA5DB0096DA53 /* Release */ = {
			isa = XCBuildConfiguration;
			buildSettings = {
				INFOPLIST_FILE = "Study LogUITests/Info.plist";
				LD_RUNPATH_SEARCH_PATHS = "$(inherited) @executable_path/Frameworks @loader_path/Frameworks";
				PRODUCT_BUNDLE_IDENTIFIER = "Ned.NedCorp.Study-LogUITests";
				PRODUCT_NAME = "$(TARGET_NAME)";
				TEST_TARGET_NAME = "Study Log";
			};
			name = Release;
		};
/* End XCBuildConfiguration section */

/* Begin XCConfigurationList section */
		8E7C62151CBFA5DB0096DA53 /* Build configuration list for PBXProject "Study Log" */ = {
			isa = XCConfigurationList;
			buildConfigurations = (
				8E7C62431CBFA5DB0096DA53 /* Debug */,
				8E7C62441CBFA5DB0096DA53 /* Release */,
			);
			defaultConfigurationIsVisible = 0;
			defaultConfigurationName = Release;
		};
		8E7C62451CBFA5DB0096DA53 /* Build configuration list for PBXNativeTarget "Study Log" */ = {
			isa = XCConfigurationList;
			buildConfigurations = (
				8E7C62461CBFA5DB0096DA53 /* Debug */,
				8E7C62471CBFA5DB0096DA53 /* Release */,
			);
			defaultConfigurationIsVisible = 0;
			defaultConfigurationName = Release;
		};
		8E7C62481CBFA5DB0096DA53 /* Build configuration list for PBXNativeTarget "Study LogTests" */ = {
			isa = XCConfigurationList;
			buildConfigurations = (
				8E7C62491CBFA5DB0096DA53 /* Debug */,
				8E7C624A1CBFA5DB0096DA53 /* Release */,
			);
			defaultConfigurationIsVisible = 0;
			defaultConfigurationName = Release;
		};
		8E7C624B1CBFA5DB0096DA53 /* Build configuration list for PBXNativeTarget "Study LogUITests" */ = {
			isa = XCConfigurationList;
			buildConfigurations = (
				8E7C624C1CBFA5DB0096DA53 /* Debug */,
				8E7C624D1CBFA5DB0096DA53 /* Release */,
			);
			defaultConfigurationIsVisible = 0;
			defaultConfigurationName = Release;
		};
/* End XCConfigurationList section */

/* Begin XCVersionGroup section */
		8E7C62241CBFA5DB0096DA53 /* Study_Log.xcdatamodeld */ = {
			isa = XCVersionGroup;
			children = (
				8E7C62251CBFA5DB0096DA53 /* Study_Log.xcdatamodel */,
			);
			currentVersion = 8E7C62251CBFA5DB0096DA53 /* Study_Log.xcdatamodel */;
			path = Study_Log.xcdatamodeld;
			sourceTree = "<group>";
			versionGroupType = wrapper.xcdatamodel;
		};
/* End XCVersionGroup section */
	};
	rootObject = 8E7C62121CBFA5DB0096DA53 /* Project object */;
}
